
Microsoft Visual Studio Solution File, Format Version 12.00
Project("{FAE04EC0-301F-11D3-BF4B-00C04F79EFBC}") = "myCalculator", "myCalculator\myCalculator.csproj", "{25124E26-1F8D-4580-A838-69EF9863E9F0}"
EndProject
Global
	GlobalSection(SolutionConfigurationPlatforms) = preSolution
		Debug|Any CPU = Debug|Any CPU
		Release|Any CPU = Release|Any CPU
	EndGlobalSection
	GlobalSection(ProjectConfigurationPlatforms) = postSolution
		{25124E26-1F8D-4580-A838-69EF9863E9F0}.Debug|Any CPU.ActiveCfg = Debug|Any CPU
		{25124E26-1F8D-4580-A838-69EF9863E9F0}.Debug|Any CPU.Build.0 = Debug|Any CPU
		{25124E26-1F8D-4580-A838-69EF9863E9F0}.Release|Any CPU.ActiveCfg = Release|Any CPU
		{25124E26-1F8D-4580-A838-69EF9863E9F0}.Release|Any CPU.Build.0 = Release|Any CPU
	EndGlobalSection
EndGlobal
