
Microsoft Visual Studio Solution File, Format Version 12.00
# Visual Studio 15
VisualStudioVersion = 15.0.27703.2000
MinimumVisualStudioVersion = 10.0.40219.1
Project("{FAE04EC0-301F-11D3-BF4B-00C04F79EFBC}") = "SimpleMDIExample", "SimpleMDIExample\SimpleMDIExample.csproj", "{97126CCF-4CC2-41DE-A654-2B6702066DFC}"
EndProject
Global
	GlobalSection(SolutionConfigurationPlatforms) = preSolution
		Debug|Any CPU = Debug|Any CPU
		Release|Any CPU = Release|Any CPU
	EndGlobalSection
	GlobalSection(ProjectConfigurationPlatforms) = postSolution
		{97126CCF-4CC2-41DE-A654-2B6702066DFC}.Debug|Any CPU.ActiveCfg = Debug|Any CPU
		{97126CCF-4CC2-41DE-A654-2B6702066DFC}.Debug|Any CPU.Build.0 = Debug|Any CPU
		{97126CCF-4CC2-41DE-A654-2B6702066DFC}.Release|Any CPU.ActiveCfg = Release|Any CPU
		{97126CCF-4CC2-41DE-A654-2B6702066DFC}.Release|Any CPU.Build.0 = Release|Any CPU
	EndGlobalSection
	GlobalSection(SolutionProperties) = preSolution
		HideSolutionNode = FALSE
	EndGlobalSection
	GlobalSection(ExtensibilityGlobals) = postSolution
		SolutionGuid = {2F4309D8-754A-4EF9-88F0-A4F7FBD3337C}
	EndGlobalSection
EndGlobal
